
Microsoft Visual Studio Solution File, Format Version 12.00
# Visual Studio Version 17
VisualStudioVersion = 17.5.33530.505
MinimumVisualStudioVersion = 10.0.40219.1
Project("{FAE04EC0-301F-11D3-BF4B-00C04F79EFBC}") = "RService", "RService\RService.csproj", "{71460C28-9C81-42CF-9A5A-37256E547E66}"
EndProject
Global
	GlobalSection(SolutionConfigurationPlatforms) = preSolution
		Debug|Any CPU = Debug|Any CPU
		Release|Any CPU = Release|Any CPU
	EndGlobalSection
	GlobalSection(ProjectConfigurationPlatforms) = postSolution
		{71460C28-9C81-42CF-9A5A-37256E547E66}.Debug|Any CPU.ActiveCfg = Debug|Any CPU
		{71460C28-9C81-42CF-9A5A-37256E547E66}.Debug|Any CPU.Build.0 = Debug|Any CPU
		{71460C28-9C81-42CF-9A5A-37256E547E66}.Release|Any CPU.ActiveCfg = Release|Any CPU
		{71460C28-9C81-42CF-9A5A-37256E547E66}.Release|Any CPU.Build.0 = Release|Any CPU
	EndGlobalSection
	GlobalSection(SolutionProperties) = preSolution
		HideSolutionNode = FALSE
	EndGlobalSection
	GlobalSection(ExtensibilityGlobals) = postSolution
		SolutionGuid = {89890280-3A5C-4619-AC6C-001BCF8C5111}
	EndGlobalSection
EndGlobal
