
Microsoft Visual Studio Solution File, Format Version 12.00
# Visual Studio Version 17
VisualStudioVersion = 17.5.33530.505
MinimumVisualStudioVersion = 10.0.40219.1
Project("{9A19103F-16F7-4668-BE54-9A1E7A4F7556}") = "RService", "RService\RService.csproj", "{71460C28-9C81-42CF-9A5A-37256E547E66}"
EndProject
Project("{FAE04EC0-301F-11D3-BF4B-00C04F79EFBC}") = "RServiceRecordBot", "RServiceRecordBot\RServiceRecordBot\RServiceRecordBot.csproj", "{F4CC57FF-B64B-4FE8-94EB-1FB9AC55C5CB}"
EndProject
Global
	GlobalSection(SolutionConfigurationPlatforms) = preSolution
		Debug|Any CPU = Debug|Any CPU
		Debug|x64 = Debug|x64
		Debug|x86 = Debug|x86
		Release|Any CPU = Release|Any CPU
		Release|x64 = Release|x64
		Release|x86 = Release|x86
	EndGlobalSection
	GlobalSection(ProjectConfigurationPlatforms) = postSolution
		{71460C28-9C81-42CF-9A5A-37256E547E66}.Debug|Any CPU.ActiveCfg = Debug|Any CPU
		{71460C28-9C81-42CF-9A5A-37256E547E66}.Debug|Any CPU.Build.0 = Debug|Any CPU
		{71460C28-9C81-42CF-9A5A-37256E547E66}.Debug|x64.ActiveCfg = Debug|Any CPU
		{71460C28-9C81-42CF-9A5A-37256E547E66}.Debug|x64.Build.0 = Debug|Any CPU
		{71460C28-9C81-42CF-9A5A-37256E547E66}.Debug|x86.ActiveCfg = Debug|Any CPU
		{71460C28-9C81-42CF-9A5A-37256E547E66}.Debug|x86.Build.0 = Debug|Any CPU
		{71460C28-9C81-42CF-9A5A-37256E547E66}.Release|Any CPU.ActiveCfg = Release|Any CPU
		{71460C28-9C81-42CF-9A5A-37256E547E66}.Release|Any CPU.Build.0 = Release|Any CPU
		{71460C28-9C81-42CF-9A5A-37256E547E66}.Release|x64.ActiveCfg = Release|Any CPU
		{71460C28-9C81-42CF-9A5A-37256E547E66}.Release|x64.Build.0 = Release|Any CPU
		{71460C28-9C81-42CF-9A5A-37256E547E66}.Release|x86.ActiveCfg = Release|Any CPU
		{71460C28-9C81-42CF-9A5A-37256E547E66}.Release|x86.Build.0 = Release|Any CPU
		{F4CC57FF-B64B-4FE8-94EB-1FB9AC55C5CB}.Debug|Any CPU.ActiveCfg = Debug|Any CPU
		{F4CC57FF-B64B-4FE8-94EB-1FB9AC55C5CB}.Debug|Any CPU.Build.0 = Debug|Any CPU
		{F4CC57FF-B64B-4FE8-94EB-1FB9AC55C5CB}.Debug|x64.ActiveCfg = Debug|Any CPU
		{F4CC57FF-B64B-4FE8-94EB-1FB9AC55C5CB}.Debug|x64.Build.0 = Debug|Any CPU
		{F4CC57FF-B64B-4FE8-94EB-1FB9AC55C5CB}.Debug|x86.ActiveCfg = Debug|Any CPU
		{F4CC57FF-B64B-4FE8-94EB-1FB9AC55C5CB}.Debug|x86.Build.0 = Debug|Any CPU
		{F4CC57FF-B64B-4FE8-94EB-1FB9AC55C5CB}.Release|Any CPU.ActiveCfg = Release|Any CPU
		{F4CC57FF-B64B-4FE8-94EB-1FB9AC55C5CB}.Release|Any CPU.Build.0 = Release|Any CPU
		{F4CC57FF-B64B-4FE8-94EB-1FB9AC55C5CB}.Release|x64.ActiveCfg = Release|Any CPU
		{F4CC57FF-B64B-4FE8-94EB-1FB9AC55C5CB}.Release|x64.Build.0 = Release|Any CPU
		{F4CC57FF-B64B-4FE8-94EB-1FB9AC55C5CB}.Release|x86.ActiveCfg = Release|Any CPU
		{F4CC57FF-B64B-4FE8-94EB-1FB9AC55C5CB}.Release|x86.Build.0 = Release|Any CPU
	EndGlobalSection
	GlobalSection(SolutionProperties) = preSolution
		HideSolutionNode = FALSE
	EndGlobalSection
	GlobalSection(ExtensibilityGlobals) = postSolution
		SolutionGuid = {89890280-3A5C-4619-AC6C-001BCF8C5111}
	EndGlobalSection
EndGlobal
